PODS:
  - ALBNoSQLDB (5.1)
  - ALBPeerConnection (3.0.2):
    - CocoaAsyncSocket
  - CocoaAsyncSocket (7.6.3)

DEPENDENCIES:
  - ALBNoSQLDB (from `../../ALBNoSQLDB/ALBNoSQLDB`)
  - ALBPeerConnection (from `../ALBPeerConnection`)

SPEC REPOS:
  https://github.com/cocoapods/specs.git:
    - CocoaAsyncSocket

EXTERNAL SOURCES:
  ALBNoSQLDB:
    :path: "../../ALBNoSQLDB/ALBNoSQLDB"
  ALBPeerConnection:
    :path: "../ALBPeerConnection"

SPEC CHECKSUMS:
  ALBNoSQLDB: f71e1514b4375c6fa5a1b3f2e73842f256d1e9a1
  ALBPeerConnection: 19d3889317826532ee5ba3cb4b3e25111e38f7ac
  CocoaAsyncSocket: eafaa68a7e0ec99ead0a7b35015e0bf25d2c8987

PODFILE CHECKSUM: 5ae7f594bdbb91a65583967bb625ebe460075ce1

COCOAPODS: 1.5.3
